
Microsoft Visual Studio Solution File, Format Version 12.00
# Visual Studio Version 16
VisualStudioVersion = 16.0.31112.23
MinimumVisualStudioVersion = 10.0.40219.1
Project("{FAE04EC0-301F-11D3-BF4B-00C04F79EFBC}") = "TembisaHospitalSystem", "TembisaHospitalSystem.csproj", "{8AD9C2D4-703E-4C8D-9B34-81268918E261}"
EndProject
Global
	GlobalSection(SolutionConfigurationPlatforms) = preSolution
		Debug|Any CPU = Debug|Any CPU
		Release|Any CPU = Release|Any CPU
	EndGlobalSection
	GlobalSection(ProjectConfigurationPlatforms) = postSolution
		{8AD9C2D4-703E-4C8D-9B34-81268918E261}.Debug|Any CPU.ActiveCfg = Debug|Any CPU
		{8AD9C2D4-703E-4C8D-9B34-81268918E261}.Debug|Any CPU.Build.0 = Debug|Any CPU
		{8AD9C2D4-703E-4C8D-9B34-81268918E261}.Release|Any CPU.ActiveCfg = Release|Any CPU
		{8AD9C2D4-703E-4C8D-9B34-81268918E261}.Release|Any CPU.Build.0 = Release|Any CPU
	EndGlobalSection
	GlobalSection(SolutionProperties) = preSolution
		HideSolutionNode = FALSE
	EndGlobalSection
	GlobalSection(ExtensibilityGlobals) = postSolution
		SolutionGuid = {22E54B48-4118-47A6-A001-4F6BD5FF9DBE}
	EndGlobalSection
EndGlobal
